
Microsoft Visual Studio Solution File, Format Version 12.00
# Visual Studio Version 16
VisualStudioVersion = 16.0.30907.101
MinimumVisualStudioVersion = 10.0.40219.1
Project("{9A19103F-16F7-4668-BE54-9A1E7A4F7556}") = "Core", "Core\Core.csproj", "{D08AD74A-535F-402C-AB78-42A68E187781}"
EndProject
Project("{FAE04EC0-301F-11D3-BF4B-00C04F79EFBC}") = "UI", "SI\UI.csproj", "{4E4D4C6E-1243-49E6-BBD7-9EB891491453}"
EndProject
Project("{FAE04EC0-301F-11D3-BF4B-00C04F79EFBC}") = "API", "API\API.csproj", "{1E460901-8D12-4A85-A6C3-433849CB4728}"
EndProject
Global
	GlobalSection(SolutionConfigurationPlatforms) = preSolution
		Debug|Any CPU = Debug|Any CPU
		Release|Any CPU = Release|Any CPU
	EndGlobalSection
	GlobalSection(ProjectConfigurationPlatforms) = postSolution
		{D08AD74A-535F-402C-AB78-42A68E187781}.Debug|Any CPU.ActiveCfg = Debug|Any CPU
		{D08AD74A-535F-402C-AB78-42A68E187781}.Debug|Any CPU.Build.0 = Debug|Any CPU
		{D08AD74A-535F-402C-AB78-42A68E187781}.Release|Any CPU.ActiveCfg = Release|Any CPU
		{D08AD74A-535F-402C-AB78-42A68E187781}.Release|Any CPU.Build.0 = Release|Any CPU
		{4E4D4C6E-1243-49E6-BBD7-9EB891491453}.Debug|Any CPU.ActiveCfg = Debug|Any CPU
		{4E4D4C6E-1243-49E6-BBD7-9EB891491453}.Debug|Any CPU.Build.0 = Debug|Any CPU
		{4E4D4C6E-1243-49E6-BBD7-9EB891491453}.Release|Any CPU.ActiveCfg = Release|Any CPU
		{4E4D4C6E-1243-49E6-BBD7-9EB891491453}.Release|Any CPU.Build.0 = Release|Any CPU
		{1E460901-8D12-4A85-A6C3-433849CB4728}.Debug|Any CPU.ActiveCfg = Debug|Any CPU
		{1E460901-8D12-4A85-A6C3-433849CB4728}.Debug|Any CPU.Build.0 = Debug|Any CPU
		{1E460901-8D12-4A85-A6C3-433849CB4728}.Release|Any CPU.ActiveCfg = Release|Any CPU
		{1E460901-8D12-4A85-A6C3-433849CB4728}.Release|Any CPU.Build.0 = Release|Any CPU
	EndGlobalSection
	GlobalSection(SolutionProperties) = preSolution
		HideSolutionNode = FALSE
	EndGlobalSection
	GlobalSection(ExtensibilityGlobals) = postSolution
		SolutionGuid = {53549369-BB6D-4B42-A146-CB14E55E04EE}
	EndGlobalSection
EndGlobal
